
Microsoft Visual Studio Solution File, Format Version 12.00
# Visual Studio Version 16
VisualStudioVersion = 16.0.30907.101
MinimumVisualStudioVersion = 10.0.40219.1
Project("{FAE04EC0-301F-11D3-BF4B-00C04F79EFBC}") = "StructType", "StructType\StructType.csproj", "{50DA9F61-DD15-417D-AF66-FB422BA474E8}"
EndProject
Global
	GlobalSection(SolutionConfigurationPlatforms) = preSolution
		Debug|Any CPU = Debug|Any CPU
		Release|Any CPU = Release|Any CPU
	EndGlobalSection
	GlobalSection(ProjectConfigurationPlatforms) = postSolution
		{50DA9F61-DD15-417D-AF66-FB422BA474E8}.Debug|Any CPU.ActiveCfg = Debug|Any CPU
		{50DA9F61-DD15-417D-AF66-FB422BA474E8}.Debug|Any CPU.Build.0 = Debug|Any CPU
		{50DA9F61-DD15-417D-AF66-FB422BA474E8}.Release|Any CPU.ActiveCfg = Release|Any CPU
		{50DA9F61-DD15-417D-AF66-FB422BA474E8}.Release|Any CPU.Build.0 = Release|Any CPU
	EndGlobalSection
	GlobalSection(SolutionProperties) = preSolution
		HideSolutionNode = FALSE
	EndGlobalSection
	GlobalSection(ExtensibilityGlobals) = postSolution
		SolutionGuid = {F4AEB945-EC89-4BFC-8CF6-74554757E669}
	EndGlobalSection
EndGlobal
